
Microsoft Visual Studio Solution File, Format Version 12.00
# Visual Studio Version 16
VisualStudioVersion = 16.0.30114.105
MinimumVisualStudioVersion = 10.0.40219.1
Project("{FAE04EC0-301F-11D3-BF4B-00C04F79EFBC}") = "API", "API\API.csproj", "{8351F4D8-BD06-4120-8D4B-7A4A393FEE55}"
EndProject
Project("{FAE04EC0-301F-11D3-BF4B-00C04F79EFBC}") = "Core", "Core\Core.csproj", "{7A0E32A2-32E3-4EDD-9504-F6F75E01B1D7}"
EndProject
Project("{FAE04EC0-301F-11D3-BF4B-00C04F79EFBC}") = "Infrastructuer", "Infrastructuer\Infrastructuer.csproj", "{5C8F4398-A81E-4B13-8A5E-B862F09D81EC}"
EndProject
Global
	GlobalSection(SolutionConfigurationPlatforms) = preSolution
		Debug|Any CPU = Debug|Any CPU
		Debug|x64 = Debug|x64
		Debug|x86 = Debug|x86
		Release|Any CPU = Release|Any CPU
		Release|x64 = Release|x64
		Release|x86 = Release|x86
	EndGlobalSection
	GlobalSection(SolutionProperties) = preSolution
		HideSolutionNode = FALSE
	EndGlobalSection
	GlobalSection(ProjectConfigurationPlatforms) = postSolution
		{8351F4D8-BD06-4120-8D4B-7A4A393FEE55}.Debug|Any CPU.ActiveCfg = Debug|Any CPU
		{8351F4D8-BD06-4120-8D4B-7A4A393FEE55}.Debug|Any CPU.Build.0 = Debug|Any CPU
		{8351F4D8-BD06-4120-8D4B-7A4A393FEE55}.Debug|x64.ActiveCfg = Debug|Any CPU
		{8351F4D8-BD06-4120-8D4B-7A4A393FEE55}.Debug|x64.Build.0 = Debug|Any CPU
		{8351F4D8-BD06-4120-8D4B-7A4A393FEE55}.Debug|x86.ActiveCfg = Debug|Any CPU
		{8351F4D8-BD06-4120-8D4B-7A4A393FEE55}.Debug|x86.Build.0 = Debug|Any CPU
		{8351F4D8-BD06-4120-8D4B-7A4A393FEE55}.Release|Any CPU.ActiveCfg = Release|Any CPU
		{8351F4D8-BD06-4120-8D4B-7A4A393FEE55}.Release|Any CPU.Build.0 = Release|Any CPU
		{8351F4D8-BD06-4120-8D4B-7A4A393FEE55}.Release|x64.ActiveCfg = Release|Any CPU
		{8351F4D8-BD06-4120-8D4B-7A4A393FEE55}.Release|x64.Build.0 = Release|Any CPU
		{8351F4D8-BD06-4120-8D4B-7A4A393FEE55}.Release|x86.ActiveCfg = Release|Any CPU
		{8351F4D8-BD06-4120-8D4B-7A4A393FEE55}.Release|x86.Build.0 = Release|Any CPU
		{7A0E32A2-32E3-4EDD-9504-F6F75E01B1D7}.Debug|Any CPU.ActiveCfg = Debug|Any CPU
		{7A0E32A2-32E3-4EDD-9504-F6F75E01B1D7}.Debug|Any CPU.Build.0 = Debug|Any CPU
		{7A0E32A2-32E3-4EDD-9504-F6F75E01B1D7}.Debug|x64.ActiveCfg = Debug|Any CPU
		{7A0E32A2-32E3-4EDD-9504-F6F75E01B1D7}.Debug|x64.Build.0 = Debug|Any CPU
		{7A0E32A2-32E3-4EDD-9504-F6F75E01B1D7}.Debug|x86.ActiveCfg = Debug|Any CPU
		{7A0E32A2-32E3-4EDD-9504-F6F75E01B1D7}.Debug|x86.Build.0 = Debug|Any CPU
		{7A0E32A2-32E3-4EDD-9504-F6F75E01B1D7}.Release|Any CPU.ActiveCfg = Release|Any CPU
		{7A0E32A2-32E3-4EDD-9504-F6F75E01B1D7}.Release|Any CPU.Build.0 = Release|Any CPU
		{7A0E32A2-32E3-4EDD-9504-F6F75E01B1D7}.Release|x64.ActiveCfg = Release|Any CPU
		{7A0E32A2-32E3-4EDD-9504-F6F75E01B1D7}.Release|x64.Build.0 = Release|Any CPU
		{7A0E32A2-32E3-4EDD-9504-F6F75E01B1D7}.Release|x86.ActiveCfg = Release|Any CPU
		{7A0E32A2-32E3-4EDD-9504-F6F75E01B1D7}.Release|x86.Build.0 = Release|Any CPU
		{5C8F4398-A81E-4B13-8A5E-B862F09D81EC}.Debug|Any CPU.ActiveCfg = Debug|Any CPU
		{5C8F4398-A81E-4B13-8A5E-B862F09D81EC}.Debug|Any CPU.Build.0 = Debug|Any CPU
		{5C8F4398-A81E-4B13-8A5E-B862F09D81EC}.Debug|x64.ActiveCfg = Debug|Any CPU
		{5C8F4398-A81E-4B13-8A5E-B862F09D81EC}.Debug|x64.Build.0 = Debug|Any CPU
		{5C8F4398-A81E-4B13-8A5E-B862F09D81EC}.Debug|x86.ActiveCfg = Debug|Any CPU
		{5C8F4398-A81E-4B13-8A5E-B862F09D81EC}.Debug|x86.Build.0 = Debug|Any CPU
		{5C8F4398-A81E-4B13-8A5E-B862F09D81EC}.Release|Any CPU.ActiveCfg = Release|Any CPU
		{5C8F4398-A81E-4B13-8A5E-B862F09D81EC}.Release|Any CPU.Build.0 = Release|Any CPU
		{5C8F4398-A81E-4B13-8A5E-B862F09D81EC}.Release|x64.ActiveCfg = Release|Any CPU
		{5C8F4398-A81E-4B13-8A5E-B862F09D81EC}.Release|x64.Build.0 = Release|Any CPU
		{5C8F4398-A81E-4B13-8A5E-B862F09D81EC}.Release|x86.ActiveCfg = Release|Any CPU
		{5C8F4398-A81E-4B13-8A5E-B862F09D81EC}.Release|x86.Build.0 = Release|Any CPU
	EndGlobalSection
EndGlobal
